{"filter":false,"title":"Gemfile.lock","tooltip":"/Gemfile.lock","undoManager":{"mark":-1,"position":-1,"stack":[]},"ace":{"folds":[],"scrolltop":1366,"scrollleft":0,"selection":{"start":{"row":26,"column":23},"end":{"row":26,"column":23},"isBackwards":false},"options":{"guessTabSize":true,"useWrapMode":false,"wrapToView":true},"firstLineState":0},"timestamp":1421767545000,"hash":"74134882f6aeb8f50e775d5ee081cd102c095b4a"}